Microsoft Visual Studio Solution File, Format Version 8.00
Project("{8BC9CEB8-8B4A-11D0-8D11-00A0C91BC942}") = "Tube_Selector", "Tube_Selector.vcproj", "{6F32C0B8-772B-48A4-AC5F-66B4611E27FB}"
	ProjectSection(ProjectDependencies) = postProject
	EndProjectSection
EndProject
Global
	GlobalSection(SolutionConfiguration) = preSolution
		Debug = Debug
		Release = Release
	EndGlobalSection
	GlobalSection(ProjectConfiguration) = postSolution
		{6F32C0B8-772B-48A4-AC5F-66B4611E27FB}.Debug.ActiveCfg = Debug|Win32
		{6F32C0B8-772B-48A4-AC5F-66B4611E27FB}.Debug.Build.0 = Debug|Win32
		{6F32C0B8-772B-48A4-AC5F-66B4611E27FB}.Release.ActiveCfg = Release|Win32
		{6F32C0B8-772B-48A4-AC5F-66B4611E27FB}.Release.Build.0 = Release|Win32
	EndGlobalSection
	GlobalSection(SolutionItems) = postSolution
	EndGlobalSection
	GlobalSection(ExtensibilityGlobals) = postSolution
	EndGlobalSection
	GlobalSection(ExtensibilityAddIns) = postSolution
	EndGlobalSection
EndGlobal
